# THIS IS AN AUTOGENERATED FILE. DO NOT EDIT THIS FILE DIRECTLY.
# yarn lockfile v1


"jquery@>= 1.11.1":
  version "3.7.1"
  resolved "https://registry.yarnpkg.com/jquery/-/jquery-3.7.1.tgz#083ef98927c9a6a74d05a6af02806566d16274de"
  integrity sha512-m4avr8yL8kmFN8psrbFFFmB/If14iN5o9nw/NgnnM+kybDJpRsAynV2BsfpTYrTRysYUdADVD7CkUUizgkpLfg==

nepali-date-converter@3.3.1:
  version "3.3.1"
  resolved "https://registry.yarnpkg.com/nepali-date-converter/-/nepali-date-converter-3.3.1.tgz#7b81c4b0a97572dd5ccfb69f2a973ad41d1ca15c"
  integrity sha512-oiYJ+uWJGmdSEdJ+IEIZ4z1/vh5oTIgsEbzyoTR4tRn3vwJXtmuXOxiFzfWDUObbjPC68GoKotrm0rbD7Br8og==

nepali-date-picker@2.0.1:
  version "2.0.1"
  resolved "https://registry.yarnpkg.com/nepali-date-picker/-/nepali-date-picker-2.0.1.tgz#b150f2579d362ccd3c7a72433ff0986289a12b06"
  integrity sha512-/RGFI/sEvLxdfdMBsl3Y3+UZPtuI6WJKIMb1V1NYvC7FckAD5oDJj4Mg7tWy+L9ERU5LmGqEY92RF+SCTEhkaw==
  dependencies:
    jquery ">= 1.11.1"
